
Microsoft Visual Studio Solution File, Format Version 12.00
# Visual Studio Version 17
VisualStudioVersion = 17.12.35521.163
MinimumVisualStudioVersion = 10.0.40219.1
Project("{FAE04EC0-301F-11D3-BF4B-00C04F79EFBC}") = "UserService", "UserService\UserService.csproj", "{18C5144D-C99A-417E-8414-F2343E9AEF76}"
EndProject
Project("{2150E333-8FDC-42A3-9474-1A3956D46DE8}") = "Services", "Services", "{5787E07A-8E75-4BA9-8AAD-4904CDCE5CA8}"
EndProject
Project("{FAE04EC0-301F-11D3-BF4B-00C04F79EFBC}") = "ProjectService", "ProjectService\ProjectService.csproj", "{EC127FCC-1054-46F6-AEE8-622ACEE779DE}"
EndProject
Project("{FAE04EC0-301F-11D3-BF4B-00C04F79EFBC}") = "GatewayAPI", "GatewayAPI\GatewayAPI.csproj", "{F3326471-D965-42ED-B390-F984B5786CD5}"
EndProject
Project("{FAE04EC0-301F-11D3-BF4B-00C04F79EFBC}") = "ProfileService", "ProfileService\ProfileService.csproj", "{20C809FD-C97E-4F0F-8FD1-BA033324D848}"
EndProject
Project("{FAE04EC0-301F-11D3-BF4B-00C04F79EFBC}") = "TaskService", "TaskService\TaskService.csproj", "{741E8C62-B7AC-47F8-AA46-DFA2072023E0}"
EndProject
Project("{FAE04EC0-301F-11D3-BF4B-00C04F79EFBC}") = "DiscussionService", "DiscussionService\DiscussionService.csproj", "{7DA74DC4-DC8F-4DED-B1CC-76285090F2C4}"
EndProject
Project("{FAE04EC0-301F-11D3-BF4B-00C04F79EFBC}") = "ReunionService", "ReunionService\ReunionService.csproj", "{A82093C6-F61F-477F-8142-BA65A69F2C8D}"
EndProject
Project("{FAE04EC0-301F-11D3-BF4B-00C04F79EFBC}") = "NotificationService", "NotificationService\NotificationService.csproj", "{287BC3BE-D95B-43C1-95E7-F4C6391DB897}"
EndProject
Global
	GlobalSection(SolutionConfigurationPlatforms) = preSolution
		Debug|Any CPU = Debug|Any CPU
		Release|Any CPU = Release|Any CPU
	EndGlobalSection
	GlobalSection(ProjectConfigurationPlatforms) = postSolution
		{18C5144D-C99A-417E-8414-F2343E9AEF76}.Debug|Any CPU.ActiveCfg = Debug|Any CPU
		{18C5144D-C99A-417E-8414-F2343E9AEF76}.Debug|Any CPU.Build.0 = Debug|Any CPU
		{18C5144D-C99A-417E-8414-F2343E9AEF76}.Release|Any CPU.ActiveCfg = Release|Any CPU
		{18C5144D-C99A-417E-8414-F2343E9AEF76}.Release|Any CPU.Build.0 = Release|Any CPU
		{EC127FCC-1054-46F6-AEE8-622ACEE779DE}.Debug|Any CPU.ActiveCfg = Debug|Any CPU
		{EC127FCC-1054-46F6-AEE8-622ACEE779DE}.Debug|Any CPU.Build.0 = Debug|Any CPU
		{EC127FCC-1054-46F6-AEE8-622ACEE779DE}.Release|Any CPU.ActiveCfg = Release|Any CPU
		{EC127FCC-1054-46F6-AEE8-622ACEE779DE}.Release|Any CPU.Build.0 = Release|Any CPU
		{F3326471-D965-42ED-B390-F984B5786CD5}.Debug|Any CPU.ActiveCfg = Debug|Any CPU
		{F3326471-D965-42ED-B390-F984B5786CD5}.Debug|Any CPU.Build.0 = Debug|Any CPU
		{F3326471-D965-42ED-B390-F984B5786CD5}.Release|Any CPU.ActiveCfg = Release|Any CPU
		{F3326471-D965-42ED-B390-F984B5786CD5}.Release|Any CPU.Build.0 = Release|Any CPU
		{20C809FD-C97E-4F0F-8FD1-BA033324D848}.Debug|Any CPU.ActiveCfg = Debug|Any CPU
		{20C809FD-C97E-4F0F-8FD1-BA033324D848}.Debug|Any CPU.Build.0 = Debug|Any CPU
		{20C809FD-C97E-4F0F-8FD1-BA033324D848}.Release|Any CPU.ActiveCfg = Release|Any CPU
		{20C809FD-C97E-4F0F-8FD1-BA033324D848}.Release|Any CPU.Build.0 = Release|Any CPU
		{741E8C62-B7AC-47F8-AA46-DFA2072023E0}.Debug|Any CPU.ActiveCfg = Debug|Any CPU
		{741E8C62-B7AC-47F8-AA46-DFA2072023E0}.Debug|Any CPU.Build.0 = Debug|Any CPU
		{741E8C62-B7AC-47F8-AA46-DFA2072023E0}.Release|Any CPU.ActiveCfg = Release|Any CPU
		{741E8C62-B7AC-47F8-AA46-DFA2072023E0}.Release|Any CPU.Build.0 = Release|Any CPU
		{7DA74DC4-DC8F-4DED-B1CC-76285090F2C4}.Debug|Any CPU.ActiveCfg = Debug|Any CPU
		{7DA74DC4-DC8F-4DED-B1CC-76285090F2C4}.Debug|Any CPU.Build.0 = Debug|Any CPU
		{7DA74DC4-DC8F-4DED-B1CC-76285090F2C4}.Release|Any CPU.ActiveCfg = Release|Any CPU
		{7DA74DC4-DC8F-4DED-B1CC-76285090F2C4}.Release|Any CPU.Build.0 = Release|Any CPU
		{A82093C6-F61F-477F-8142-BA65A69F2C8D}.Debug|Any CPU.ActiveCfg = Debug|Any CPU
		{A82093C6-F61F-477F-8142-BA65A69F2C8D}.Debug|Any CPU.Build.0 = Debug|Any CPU
		{A82093C6-F61F-477F-8142-BA65A69F2C8D}.Release|Any CPU.ActiveCfg = Release|Any CPU
		{A82093C6-F61F-477F-8142-BA65A69F2C8D}.Release|Any CPU.Build.0 = Release|Any CPU
		{287BC3BE-D95B-43C1-95E7-F4C6391DB897}.Debug|Any CPU.ActiveCfg = Debug|Any CPU
		{287BC3BE-D95B-43C1-95E7-F4C6391DB897}.Debug|Any CPU.Build.0 = Debug|Any CPU
		{287BC3BE-D95B-43C1-95E7-F4C6391DB897}.Release|Any CPU.ActiveCfg = Release|Any CPU
		{287BC3BE-D95B-43C1-95E7-F4C6391DB897}.Release|Any CPU.Build.0 = Release|Any CPU
	EndGlobalSection
	GlobalSection(SolutionProperties) = preSolution
		HideSolutionNode = FALSE
	EndGlobalSection
	GlobalSection(NestedProjects) = preSolution
		{18C5144D-C99A-417E-8414-F2343E9AEF76} = {5787E07A-8E75-4BA9-8AAD-4904CDCE5CA8}
		{EC127FCC-1054-46F6-AEE8-622ACEE779DE} = {5787E07A-8E75-4BA9-8AAD-4904CDCE5CA8}
		{20C809FD-C97E-4F0F-8FD1-BA033324D848} = {5787E07A-8E75-4BA9-8AAD-4904CDCE5CA8}
		{741E8C62-B7AC-47F8-AA46-DFA2072023E0} = {5787E07A-8E75-4BA9-8AAD-4904CDCE5CA8}
		{7DA74DC4-DC8F-4DED-B1CC-76285090F2C4} = {5787E07A-8E75-4BA9-8AAD-4904CDCE5CA8}
		{A82093C6-F61F-477F-8142-BA65A69F2C8D} = {5787E07A-8E75-4BA9-8AAD-4904CDCE5CA8}
		{287BC3BE-D95B-43C1-95E7-F4C6391DB897} = {5787E07A-8E75-4BA9-8AAD-4904CDCE5CA8}
	EndGlobalSection
EndGlobal
